// !$*UTF8*$!
{
	archiveVersion = 1;
	classes = {
	};
	objectVersion = 46;
	objects = {

/* Begin PBXBuildFile section */
		A4D90BE61D79F97B00431FCB /* main.m in Sources */ = {isa = PBXBuildFile; fileRef = A4D90BE51D79F97B00431FCB /* main.m */; };
		A4D90BEE1D79FC6300431FCB /* LL.m in Sources */ = {isa = PBXBuildFile; fileRef = A4D90BED1D79FC6300431FCB /* LL.m */; };
		A4D90BF11D79FE7A00431FCB /* LLN.m in Sources */ = {isa = PBXBuildFile; fileRef = A4D90BF01D79FE7A00431FCB /* LLN.m */; };
/* End PBXBuildFile section */

/* Begin PBXCopyFilesBuildPhase section */
		A4D90BE01D79F97B00431FCB /* CopyFiles */ = {
			isa = PBXCopyFilesBuildPhase;
			buildActionMask = 2147483647;
			dstPath = /usr/share/man/man1/;
			dstSubfolderSpec = 0;
			files = (
			);
			runOnlyForDeploymentPostprocessing = 1;
		};
/* End PBXCopyFilesBuildPhase section */

/* Begin PBXFileReference section */
		A4D90BE21D79F97B00431FCB /* proj1 */ = {isa = PBXFileReference; explicitFileType = "compiled.mach-o.executable"; includeInIndex = 0; path = proj1; sourceTree = BUILT_PRODUCTS_DIR; };
		A4D90BE51D79F97B00431FCB /* main.m */ = {isa = PBXFileReference; lastKnownFileType = sourcecode.c.objc; path = main.m; sourceTree = "<group>"; };
		A4D90BEC1D79FC5400431FCB /* LL.h */ = {isa = PBXFileReference; lastKnownFileType = sourcecode.c.h; path = LL.h; sourceTree = "<group>"; };
		A4D90BED1D79FC6300431FCB /* LL.m */ = {isa = PBXFileReference; fileEncoding = 4; lastKnownFileType = sourcecode.c.objc; path = LL.m; sourceTree = "<group>"; };
		A4D90BEF1D79FE6D00431FCB /* LLN.h */ = {isa = PBXFileReference; lastKnownFileType = sourcecode.c.h; path = LLN.h; sourceTree = "<group>"; };
		A4D90BF01D79FE7A00431FCB /* LLN.m */ = {isa = PBXFileReference; fileEncoding = 4; lastKnownFileType = sourcecode.c.objc; path = LLN.m; sourceTree = "<group>"; };
/* End PBXFileReference section */

/* Begin PBXFrameworksBuildPhase section */
		A4D90BDF1D79F97B00431FCB /* Frameworks */ = {
			isa = PBXFrameworksBuildPhase;
			buildActionMask = 2147483647;
			files = (
			);
			runOnlyForDeploymentPostprocessing = 0;
		};
/* End PBXFrameworksBuildPhase section */

/* Begin PBXGroup section */
		A4D90BD91D79F97B00431FCB = {
			isa = PBXGroup;
			children = (
				A4D90BE41D79F97B00431FCB /* proj1 */,
				A4D90BE31D79F97B00431FCB /* Products */,
			);
			sourceTree = "<group>";
		};
		A4D90BE31D79F97B00431FCB /* Products */ = {
			isa = PBXGroup;
			children = (
				A4D90BE21D79F97B00431FCB /* proj1 */,
			);
			name = Products;
			sourceTree = "<group>";
		};
		A4D90BE41D79F97B00431FCB /* proj1 */ = {
			isa = PBXGroup;
			children = (
				A4D90BE51D79F97B00431FCB /* main.m */,
				A4D90BEC1D79FC5400431FCB /* LL.h */,
				A4D90BED1D79FC6300431FCB /* LL.m */,
				A4D90BEF1D79FE6D00431FCB /* LLN.h */,
				A4D90BF01D79FE7A00431FCB /* LLN.m */,
			);
			path = proj1;
			sourceTree = "<group>";
		};
/* End PBXGroup section */

/* Begin PBXNativeTarget section */
		A4D90BE11D79F97B00431FCB /* proj1 */ = {
			isa = PBXNativeTarget;
			buildConfigurationList = A4D90BE91D79F97B00431FCB /* Build configuration list for PBXNativeTarget "proj1" */;
			buildPhases = (
				A4D90BDE1D79F97B00431FCB /* Sources */,
				A4D90BDF1D79F97B00431FCB /* Frameworks */,
				A4D90BE01D79F97B00431FCB /* CopyFiles */,
			);
			buildRules = (
			);
			dependencies = (
			);
			name = proj1;
			productName = proj1;
			productReference = A4D90BE21D79F97B00431FCB /* proj1 */;
			productType = "com.apple.product-type.tool";
		};
/* End PBXNativeTarget section */

/* Begin PBXProject section */
		A4D90BDA1D79F97B00431FCB /* Project object */ = {
			isa = PBXProject;
			attributes = {
				LastUpgradeCheck = 0730;
				ORGANIZATIONNAME = "CS 344 Student";
				TargetAttributes = {
					A4D90BE11D79F97B00431FCB = {
						CreatedOnToolsVersion = 7.3.1;
					};
				};
			};
			buildConfigurationList = A4D90BDD1D79F97B00431FCB /* Build configuration list for PBXProject "proj1" */;
			compatibilityVersion = "Xcode 3.2";
			developmentRegion = English;
			hasScannedForEncodings = 0;
			knownRegions = (
				en,
			);
			mainGroup = A4D90BD91D79F97B00431FCB;
			productRefGroup = A4D90BE31D79F97B00431FCB /* Products */;
			projectDirPath = "";
			projectRoot = "";
			targets = (
				A4D90BE11D79F97B00431FCB /* proj1 */,
			);
		};
/* End PBXProject section */

/* Begin PBXSourcesBuildPhase section */
		A4D90BDE1D79F97B00431FCB /* Sources */ = {
			isa = PBXSourcesBuildPhase;
			buildActionMask = 2147483647;
			files = (
				A4D90BF11D79FE7A00431FCB /* LLN.m in Sources */,
				A4D90BE61D79F97B00431FCB /* main.m in Sources */,
				A4D90BEE1D79FC6300431FCB /* LL.m in Sources */,
			);
			runOnlyForDeploymentPostprocessing = 0;
		};
/* End PBXSourcesBuildPhase section */

/* Begin XCBuildConfiguration section */
		A4D90BE71D79F97B00431FCB /* Debug */ = {
			isa = XCBuildConfiguration;
			buildSettings = {
				ALWAYS_SEARCH_USER_PATHS = NO;
				CLANG_ANALYZER_NONNULL = YES;
				CLANG_CXX_LANGUAGE_STANDARD = "gnu++0x";
				CLANG_CXX_LIBRARY = "libc++";
				CLANG_ENABLE_MODULES = YES;
				CLANG_ENABLE_OBJC_ARC = YES;
				CLANG_WARN_BOOL_CONVERSION = YES;
				CLANG_WARN_CONSTANT_CONVERSION = YES;
				CLANG_WARN_DIRECT_OBJC_ISA_USAGE = YES_ERROR;
				CLANG_WARN_EMPTY_BODY = YES;
				CLANG_WARN_ENUM_CONVERSION = YES;
				CLANG_WARN_INT_CONVERSION = YES;
				CLANG_WARN_OBJC_ROOT_CLASS = YES_ERROR;
				CLANG_WARN_UNREACHABLE_CODE = YES;
				CLANG_WARN__DUPLICATE_METHOD_MATCH = YES;
				CODE_SIGN_IDENTITY = "-";
				COPY_PHASE_STRIP = NO;
				DEBUG_INFORMATION_FORMAT = dwarf;
				ENABLE_STRICT_OBJC_MSGSEND = YES;
				ENABLE_TESTABILITY = YES;
				GCC_C_LANGUAGE_STANDARD = gnu99;
				GCC_DYNAMIC_NO_PIC = NO;
				GCC_NO_COMMON_BLOCKS = YES;
				GCC_OPTIMIZATION_LEVEL = 0;
				GCC_PREPROCESSOR_DEFINITIONS = (
					"DEBUG=1",
					"$(inherited)",
				);
				GCC_WARN_64_TO_32_BIT_CONVERSION = YES;
				GCC_WARN_ABOUT_RETURN_TYPE = YES_ERROR;
				GCC_WARN_UNDECLARED_SELECTOR = YES;
				GCC_WARN_UNINITIALIZED_AUTOS = YES_AGGRESSIVE;
				GCC_WARN_UNUSED_FUNCTION = YES;
				GCC_WARN_UNUSED_VARIABLE = YES;
				MACOSX_DEPLOYMENT_TARGET = 10.11;
				MTL_ENABLE_DEBUG_INFO = YES;
				ONLY_ACTIVE_ARCH = YES;
				SDKROOT = macosx;
			};
			name = Debug;
		};
		A4D90BE81D79F97B00431FCB /* Release */ = {
			isa = XCBuildConfiguration;
			buildSettings = {
				ALWAYS_SEARCH_USER_PATHS = NO;
				CLANG_ANALYZER_NONNULL = YES;
				CLANG_CXX_LANGUAGE_STANDARD = "gnu++0x";
				CLANG_CXX_LIBRARY = "libc++";
				CLANG_ENABLE_MODULES = YES;
				CLANG_ENABLE_OBJC_ARC = YES;
				CLANG_WARN_BOOL_CONVERSION = YES;
				CLANG_WARN_CONSTANT_CONVERSION = YES;
				CLANG_WARN_DIRECT_OBJC_ISA_USAGE = YES_ERROR;
				CLANG_WARN_EMPTY_BODY = YES;
				CLANG_WARN_ENUM_CONVERSION = YES;
				CLANG_WARN_INT_CONVERSION = YES;
				CLANG_WARN_OBJC_ROOT_CLASS = YES_ERROR;
				CLANG_WARN_UNREACHABLE_CODE = YES;
				CLANG_WARN__DUPLICATE_METHOD_MATCH = YES;
				CODE_SIGN_IDENTITY = "-";
				COPY_PHASE_STRIP = NO;
				DEBUG_INFORMATION_FORMAT = "dwarf-with-dsym";
				ENABLE_NS_ASSERTIONS = NO;
				ENABLE_STRICT_OBJC_MSGSEND = YES;
				GCC_C_LANGUAGE_STANDARD = gnu99;
				GCC_NO_COMMON_BLOCKS = YES;
				GCC_WARN_64_TO_32_BIT_CONVERSION = YES;
				GCC_WARN_ABOUT_RETURN_TYPE = YES_ERROR;
				GCC_WARN_UNDECLARED_SELECTOR = YES;
				GCC_WARN_UNINITIALIZED_AUTOS = YES_AGGRESSIVE;
				GCC_WARN_UNUSED_FUNCTION = YES;
				GCC_WARN_UNUSED_VARIABLE = YES;
				MACOSX_DEPLOYMENT_TARGET = 10.11;
				MTL_ENABLE_DEBUG_INFO = NO;
				SDKROOT = macosx;
			};
			name = Release;
		};
		A4D90BEA1D79F97B00431FCB /* Debug */ = {
			isa = XCBuildConfiguration;
			buildSettings = {
				PRODUCT_NAME = "$(TARGET_NAME)";
			};
			name = Debug;
		};
		A4D90BEB1D79F97B00431FCB /* Release */ = {
			isa = XCBuildConfiguration;
			buildSettings = {
				PRODUCT_NAME = "$(TARGET_NAME)";
			};
			name = Release;
		};
/* End XCBuildConfiguration section */

/* Begin XCConfigurationList section */
		A4D90BDD1D79F97B00431FCB /* Build configuration list for PBXProject "proj1" */ = {
			isa = XCConfigurationList;
			buildConfigurations = (
				A4D90BE71D79F97B00431FCB /* Debug */,
				A4D90BE81D79F97B00431FCB /* Release */,
			);
			defaultConfigurationIsVisible = 0;
			defaultConfigurationName = Release;
		};
		A4D90BE91D79F97B00431FCB /* Build configuration list for PBXNativeTarget "proj1" */ = {
			isa = XCConfigurationList;
			buildConfigurations = (
				A4D90BEA1D79F97B00431FCB /* Debug */,
				A4D90BEB1D79F97B00431FCB /* Release */,
			);
			defaultConfigurationIsVisible = 0;
			defaultConfigurationName = Release;
		};
/* End XCConfigurationList section */
	};
	rootObject = A4D90BDA1D79F97B00431FCB /* Project object */;
}
